
Microsoft Visual Studio Solution File, Format Version 12.00
# Visual Studio Version 17
VisualStudioVersion = 17.8.34309.116
MinimumVisualStudioVersion = 10.0.40219.1
Project("{9A19103F-16F7-4668-BE54-9A1E7A4F7556}") = "AdventOfCode2023", "AdventOfCode2023\AdventOfCode2023.csproj", "{5B589A6D-34A8-487E-911A-282E886C6462}"
EndProject
Project("{9A19103F-16F7-4668-BE54-9A1E7A4F7556}") = "AdventOfCode2023.Tests", "AdventOfCode2023.Tests\AdventOfCode2023.Tests.csproj", "{18832E51-FECF-4B44-AD1C-84E97DCB9D5C}"
EndProject
Project("{FAE04EC0-301F-11D3-BF4B-00C04F79EFBC}") = "AdventOfCode2023.FileCreator", "AdventOfCode2023.FileCreator\AdventOfCode2023.FileCreator.csproj", "{DB246AB6-9016-497C-B714-E200D5BA6AA6}"
EndProject
Global
	GlobalSection(SolutionConfigurationPlatforms) = preSolution
		Debug|Any CPU = Debug|Any CPU
		Release|Any CPU = Release|Any CPU
	EndGlobalSection
	GlobalSection(ProjectConfigurationPlatforms) = postSolution
		{5B589A6D-34A8-487E-911A-282E886C6462}.Debug|Any CPU.ActiveCfg = Debug|Any CPU
		{5B589A6D-34A8-487E-911A-282E886C6462}.Debug|Any CPU.Build.0 = Debug|Any CPU
		{5B589A6D-34A8-487E-911A-282E886C6462}.Release|Any CPU.ActiveCfg = Release|Any CPU
		{5B589A6D-34A8-487E-911A-282E886C6462}.Release|Any CPU.Build.0 = Release|Any CPU
		{18832E51-FECF-4B44-AD1C-84E97DCB9D5C}.Debug|Any CPU.ActiveCfg = Debug|Any CPU
		{18832E51-FECF-4B44-AD1C-84E97DCB9D5C}.Debug|Any CPU.Build.0 = Debug|Any CPU
		{18832E51-FECF-4B44-AD1C-84E97DCB9D5C}.Release|Any CPU.ActiveCfg = Release|Any CPU
		{18832E51-FECF-4B44-AD1C-84E97DCB9D5C}.Release|Any CPU.Build.0 = Release|Any CPU
		{DB246AB6-9016-497C-B714-E200D5BA6AA6}.Debug|Any CPU.ActiveCfg = Debug|Any CPU
		{DB246AB6-9016-497C-B714-E200D5BA6AA6}.Debug|Any CPU.Build.0 = Debug|Any CPU
		{DB246AB6-9016-497C-B714-E200D5BA6AA6}.Release|Any CPU.ActiveCfg = Release|Any CPU
		{DB246AB6-9016-497C-B714-E200D5BA6AA6}.Release|Any CPU.Build.0 = Release|Any CPU
	EndGlobalSection
	GlobalSection(SolutionProperties) = preSolution
		HideSolutionNode = FALSE
	EndGlobalSection
	GlobalSection(ExtensibilityGlobals) = postSolution
		SolutionGuid = {3DECBF34-A936-4980-ACC9-8BF1FBD41141}
	EndGlobalSection
EndGlobal
